
Microsoft Visual Studio Solution File, Format Version 12.00
# Visual Studio Version 17
VisualStudioVersion = 17.6.33712.159
MinimumVisualStudioVersion = 10.0.40219.1
Project("{2150E333-8FDC-42A3-9474-1A3956D46DE8}") = "ShoppingManagement", "ShoppingManagement", "{7AD6C397-148D-498C-9347-B9F77E424095}"
EndProject
Project("{2150E333-8FDC-42A3-9474-1A3956D46DE8}") = "Sh.Domain", "Sh.Domain", "{0584BFF7-C322-4403-B4C5-E1D51594DBFC}"
EndProject
Project("{2150E333-8FDC-42A3-9474-1A3956D46DE8}") = "Sh.Application", "Sh.Application", "{8E240622-A487-4B82-873E-AE8158CA2DCB}"
EndProject
Project("{2150E333-8FDC-42A3-9474-1A3956D46DE8}") = "Sh.Infrastructure", "Sh.Infrastructure", "{4373E028-0B51-400C-83B7-E68D93F07E9D}"
EndProject
Project("{9A19103F-16F7-4668-BE54-9A1E7A4F7556}") = "ShopManagement.Domain", "ShopManagement.Domain\ShopManagement.Domain.csproj", "{43C1D1A6-104A-4EAE-95ED-043FED491A23}"
EndProject
Project("{9A19103F-16F7-4668-BE54-9A1E7A4F7556}") = "ShopManagement.Application.Contracts", "ShopManagement.Application.Contracts\ShopManagement.Application.Contracts.csproj", "{655A02B2-4F64-4F9C-AB44-0EA582954E78}"
EndProject
Project("{9A19103F-16F7-4668-BE54-9A1E7A4F7556}") = "ShopManagement.Infrastructure.Configuration", "ShopManagement.Infrastructure.Configuration\ShopManagement.Infrastructure.Configuration.csproj", "{8C0B7D49-2266-4CDB-B2E4-ACE3D4BDFF79}"
EndProject
Project("{9A19103F-16F7-4668-BE54-9A1E7A4F7556}") = "01_framework", "01_framework\01_framework.csproj", "{0E701A57-4EA8-4BAA-98AA-968403DD5800}"
EndProject
Project("{9A19103F-16F7-4668-BE54-9A1E7A4F7556}") = "ShopManagement.Infrastructure.EfCore", "ShopManagement.Infrastructure.EfCore\ShopManagement.Infrastructure.EfCore.csproj", "{1F6EAF4D-955A-4F58-9E6D-ABB0B322B9EB}"
EndProject
Project("{9A19103F-16F7-4668-BE54-9A1E7A4F7556}") = "ShopManagement.Application", "ShopManagement.Application\ShopManagement.Application.csproj", "{92264D98-8228-42AA-9CD4-38E6EC684899}"
EndProject
Project("{9A19103F-16F7-4668-BE54-9A1E7A4F7556}") = "ServiceHost", "ServiceHost\ServiceHost.csproj", "{5CB701A5-F923-46BA-B18F-765C0646C926}"
EndProject
Project("{2150E333-8FDC-42A3-9474-1A3956D46DE8}") = "BlogManagement", "BlogManagement", "{14057CDA-27DC-4305-8BF5-F8EB8089A180}"
EndProject
Project("{2150E333-8FDC-42A3-9474-1A3956D46DE8}") = "BM.Domain", "BM.Domain", "{E2E1A910-1283-4DBD-B4B5-90C5F457AA54}"
EndProject
Project("{2150E333-8FDC-42A3-9474-1A3956D46DE8}") = "BM.Application", "BM.Application", "{9A86337F-F420-4CD2-967F-8BBB899AA050}"
EndProject
Project("{2150E333-8FDC-42A3-9474-1A3956D46DE8}") = "BM.Infrastracture", "BM.Infrastracture", "{EBB3429F-E693-4B29-BA92-56AEEAE08618}"
EndProject
Project("{9A19103F-16F7-4668-BE54-9A1E7A4F7556}") = "BlogManagement.Application.Contracts", "BlogManagement.Application.Contracts\BlogManagement.Application.Contracts.csproj", "{3D43BD08-9549-4C45-ABF0-C325F646687F}"
EndProject
Project("{9A19103F-16F7-4668-BE54-9A1E7A4F7556}") = "BlogManagement.Application", "BlogManagement.Application\BlogManagement.Application.csproj", "{81AEF275-AB0C-43D5-86C6-60278E43B5A3}"
EndProject
Project("{9A19103F-16F7-4668-BE54-9A1E7A4F7556}") = "BlogManagement.Infrastructure.EfCore", "BlogManagement.Infrastructure.EfCore\BlogManagement.Infrastructure.EfCore.csproj", "{08DF6EE8-BC71-436A-A752-5D3159DB1546}"
EndProject
Project("{9A19103F-16F7-4668-BE54-9A1E7A4F7556}") = "BlogManagement.Domain", "BlogManagement.Domain\BlogManagement.Domain.csproj", "{A7B98E87-64D7-4459-8CD8-B860FF8681DE}"
EndProject
Project("{2150E333-8FDC-42A3-9474-1A3956D46DE8}") = "InventoryManagement", "InventoryManagement", "{2473656A-1B1C-4A4E-8704-69DD47F564E6}"
EndProject
Project("{2150E333-8FDC-42A3-9474-1A3956D46DE8}") = "IM.Application", "IM.Application", "{E757C462-4FD2-4F91-B5DE-989E34C67F24}"
EndProject
Project("{2150E333-8FDC-42A3-9474-1A3956D46DE8}") = "IM.Domain", "IM.Domain", "{7541534A-A62D-40AA-B48E-EAB28969B86A}"
EndProject
Project("{2150E333-8FDC-42A3-9474-1A3956D46DE8}") = "IM.Infrastructure", "IM.Infrastructure", "{9385D488-D7C5-4821-A780-5FCC4CEAC89F}"
EndProject
Project("{9A19103F-16F7-4668-BE54-9A1E7A4F7556}") = "InventoryManagement.Domain", "InventoryManagement.Domain\InventoryManagement.Domain.csproj", "{1A726C6B-4B29-4B32-8B75-C618E80CCCDD}"
EndProject
Project("{9A19103F-16F7-4668-BE54-9A1E7A4F7556}") = "InventoryManagement.Infrastructure.EfCore", "InventoryManagement.Infrastructure.EfCore\InventoryManagement.Infrastructure.EfCore.csproj", "{090C4657-9EC3-4BC6-81AE-580B4926EBD3}"
EndProject
Project("{9A19103F-16F7-4668-BE54-9A1E7A4F7556}") = "InventoryManagement.Infrastructure.Configuration", "InventoryManagement,Infrastructure.Configuration\InventoryManagement.Infrastructure.Configuration.csproj", "{86D9380C-3487-4074-87A0-C6DA329C1643}"
EndProject
Project("{9A19103F-16F7-4668-BE54-9A1E7A4F7556}") = "InventoryManagement.Application", "InventoryManagement.Application\InventoryManagement.Application.csproj", "{D4B2C808-F86A-4473-940B-F232C0374676}"
EndProject
Project("{9A19103F-16F7-4668-BE54-9A1E7A4F7556}") = "InventoryManagement.Application.Constract", "InventoryManagement.Application.Constract\InventoryManagement.Application.Constract.csproj", "{0CB606CF-D934-482A-B616-27808E6906E6}"
EndProject
Global
	GlobalSection(SolutionConfigurationPlatforms) = preSolution
		Debug|Any CPU = Debug|Any CPU
		Release|Any CPU = Release|Any CPU
	EndGlobalSection
	GlobalSection(ProjectConfigurationPlatforms) = postSolution
		{43C1D1A6-104A-4EAE-95ED-043FED491A23}.Debug|Any CPU.ActiveCfg = Debug|Any CPU
		{43C1D1A6-104A-4EAE-95ED-043FED491A23}.Debug|Any CPU.Build.0 = Debug|Any CPU
		{43C1D1A6-104A-4EAE-95ED-043FED491A23}.Release|Any CPU.ActiveCfg = Release|Any CPU
		{43C1D1A6-104A-4EAE-95ED-043FED491A23}.Release|Any CPU.Build.0 = Release|Any CPU
		{655A02B2-4F64-4F9C-AB44-0EA582954E78}.Debug|Any CPU.ActiveCfg = Debug|Any CPU
		{655A02B2-4F64-4F9C-AB44-0EA582954E78}.Debug|Any CPU.Build.0 = Debug|Any CPU
		{655A02B2-4F64-4F9C-AB44-0EA582954E78}.Release|Any CPU.ActiveCfg = Release|Any CPU
		{655A02B2-4F64-4F9C-AB44-0EA582954E78}.Release|Any CPU.Build.0 = Release|Any CPU
		{8C0B7D49-2266-4CDB-B2E4-ACE3D4BDFF79}.Debug|Any CPU.ActiveCfg = Debug|Any CPU
		{8C0B7D49-2266-4CDB-B2E4-ACE3D4BDFF79}.Debug|Any CPU.Build.0 = Debug|Any CPU
		{8C0B7D49-2266-4CDB-B2E4-ACE3D4BDFF79}.Release|Any CPU.ActiveCfg = Release|Any CPU
		{8C0B7D49-2266-4CDB-B2E4-ACE3D4BDFF79}.Release|Any CPU.Build.0 = Release|Any CPU
		{0E701A57-4EA8-4BAA-98AA-968403DD5800}.Debug|Any CPU.ActiveCfg = Debug|Any CPU
		{0E701A57-4EA8-4BAA-98AA-968403DD5800}.Debug|Any CPU.Build.0 = Debug|Any CPU
		{0E701A57-4EA8-4BAA-98AA-968403DD5800}.Release|Any CPU.ActiveCfg = Release|Any CPU
		{0E701A57-4EA8-4BAA-98AA-968403DD5800}.Release|Any CPU.Build.0 = Release|Any CPU
		{1F6EAF4D-955A-4F58-9E6D-ABB0B322B9EB}.Debug|Any CPU.ActiveCfg = Debug|Any CPU
		{1F6EAF4D-955A-4F58-9E6D-ABB0B322B9EB}.Debug|Any CPU.Build.0 = Debug|Any CPU
		{1F6EAF4D-955A-4F58-9E6D-ABB0B322B9EB}.Release|Any CPU.ActiveCfg = Release|Any CPU
		{1F6EAF4D-955A-4F58-9E6D-ABB0B322B9EB}.Release|Any CPU.Build.0 = Release|Any CPU
		{92264D98-8228-42AA-9CD4-38E6EC684899}.Debug|Any CPU.ActiveCfg = Debug|Any CPU
		{92264D98-8228-42AA-9CD4-38E6EC684899}.Debug|Any CPU.Build.0 = Debug|Any CPU
		{92264D98-8228-42AA-9CD4-38E6EC684899}.Release|Any CPU.ActiveCfg = Release|Any CPU
		{92264D98-8228-42AA-9CD4-38E6EC684899}.Release|Any CPU.Build.0 = Release|Any CPU
		{5CB701A5-F923-46BA-B18F-765C0646C926}.Debug|Any CPU.ActiveCfg = Debug|Any CPU
		{5CB701A5-F923-46BA-B18F-765C0646C926}.Debug|Any CPU.Build.0 = Debug|Any CPU
		{5CB701A5-F923-46BA-B18F-765C0646C926}.Release|Any CPU.ActiveCfg = Release|Any CPU
		{5CB701A5-F923-46BA-B18F-765C0646C926}.Release|Any CPU.Build.0 = Release|Any CPU
		{3D43BD08-9549-4C45-ABF0-C325F646687F}.Debug|Any CPU.ActiveCfg = Debug|Any CPU
		{3D43BD08-9549-4C45-ABF0-C325F646687F}.Debug|Any CPU.Build.0 = Debug|Any CPU
		{3D43BD08-9549-4C45-ABF0-C325F646687F}.Release|Any CPU.ActiveCfg = Release|Any CPU
		{3D43BD08-9549-4C45-ABF0-C325F646687F}.Release|Any CPU.Build.0 = Release|Any CPU
		{81AEF275-AB0C-43D5-86C6-60278E43B5A3}.Debug|Any CPU.ActiveCfg = Debug|Any CPU
		{81AEF275-AB0C-43D5-86C6-60278E43B5A3}.Debug|Any CPU.Build.0 = Debug|Any CPU
		{81AEF275-AB0C-43D5-86C6-60278E43B5A3}.Release|Any CPU.ActiveCfg = Release|Any CPU
		{81AEF275-AB0C-43D5-86C6-60278E43B5A3}.Release|Any CPU.Build.0 = Release|Any CPU
		{08DF6EE8-BC71-436A-A752-5D3159DB1546}.Debug|Any CPU.ActiveCfg = Debug|Any CPU
		{08DF6EE8-BC71-436A-A752-5D3159DB1546}.Debug|Any CPU.Build.0 = Debug|Any CPU
		{08DF6EE8-BC71-436A-A752-5D3159DB1546}.Release|Any CPU.ActiveCfg = Release|Any CPU
		{08DF6EE8-BC71-436A-A752-5D3159DB1546}.Release|Any CPU.Build.0 = Release|Any CPU
		{A7B98E87-64D7-4459-8CD8-B860FF8681DE}.Debug|Any CPU.ActiveCfg = Debug|Any CPU
		{A7B98E87-64D7-4459-8CD8-B860FF8681DE}.Debug|Any CPU.Build.0 = Debug|Any CPU
		{A7B98E87-64D7-4459-8CD8-B860FF8681DE}.Release|Any CPU.ActiveCfg = Release|Any CPU
		{A7B98E87-64D7-4459-8CD8-B860FF8681DE}.Release|Any CPU.Build.0 = Release|Any CPU
		{1A726C6B-4B29-4B32-8B75-C618E80CCCDD}.Debug|Any CPU.ActiveCfg = Debug|Any CPU
		{1A726C6B-4B29-4B32-8B75-C618E80CCCDD}.Debug|Any CPU.Build.0 = Debug|Any CPU
		{1A726C6B-4B29-4B32-8B75-C618E80CCCDD}.Release|Any CPU.ActiveCfg = Release|Any CPU
		{1A726C6B-4B29-4B32-8B75-C618E80CCCDD}.Release|Any CPU.Build.0 = Release|Any CPU
		{090C4657-9EC3-4BC6-81AE-580B4926EBD3}.Debug|Any CPU.ActiveCfg = Debug|Any CPU
		{090C4657-9EC3-4BC6-81AE-580B4926EBD3}.Debug|Any CPU.Build.0 = Debug|Any CPU
		{090C4657-9EC3-4BC6-81AE-580B4926EBD3}.Release|Any CPU.ActiveCfg = Release|Any CPU
		{090C4657-9EC3-4BC6-81AE-580B4926EBD3}.Release|Any CPU.Build.0 = Release|Any CPU
		{86D9380C-3487-4074-87A0-C6DA329C1643}.Debug|Any CPU.ActiveCfg = Debug|Any CPU
		{86D9380C-3487-4074-87A0-C6DA329C1643}.Debug|Any CPU.Build.0 = Debug|Any CPU
		{86D9380C-3487-4074-87A0-C6DA329C1643}.Release|Any CPU.ActiveCfg = Release|Any CPU
		{86D9380C-3487-4074-87A0-C6DA329C1643}.Release|Any CPU.Build.0 = Release|Any CPU
		{D4B2C808-F86A-4473-940B-F232C0374676}.Debug|Any CPU.ActiveCfg = Debug|Any CPU
		{D4B2C808-F86A-4473-940B-F232C0374676}.Debug|Any CPU.Build.0 = Debug|Any CPU
		{D4B2C808-F86A-4473-940B-F232C0374676}.Release|Any CPU.ActiveCfg = Release|Any CPU
		{D4B2C808-F86A-4473-940B-F232C0374676}.Release|Any CPU.Build.0 = Release|Any CPU
		{0CB606CF-D934-482A-B616-27808E6906E6}.Debug|Any CPU.ActiveCfg = Debug|Any CPU
		{0CB606CF-D934-482A-B616-27808E6906E6}.Debug|Any CPU.Build.0 = Debug|Any CPU
		{0CB606CF-D934-482A-B616-27808E6906E6}.Release|Any CPU.ActiveCfg = Release|Any CPU
		{0CB606CF-D934-482A-B616-27808E6906E6}.Release|Any CPU.Build.0 = Release|Any CPU
	EndGlobalSection
	GlobalSection(SolutionProperties) = preSolution
		HideSolutionNode = FALSE
	EndGlobalSection
	GlobalSection(NestedProjects) = preSolution
		{0584BFF7-C322-4403-B4C5-E1D51594DBFC} = {7AD6C397-148D-498C-9347-B9F77E424095}
		{8E240622-A487-4B82-873E-AE8158CA2DCB} = {7AD6C397-148D-498C-9347-B9F77E424095}
		{4373E028-0B51-400C-83B7-E68D93F07E9D} = {7AD6C397-148D-498C-9347-B9F77E424095}
		{43C1D1A6-104A-4EAE-95ED-043FED491A23} = {0584BFF7-C322-4403-B4C5-E1D51594DBFC}
		{655A02B2-4F64-4F9C-AB44-0EA582954E78} = {8E240622-A487-4B82-873E-AE8158CA2DCB}
		{8C0B7D49-2266-4CDB-B2E4-ACE3D4BDFF79} = {4373E028-0B51-400C-83B7-E68D93F07E9D}
		{1F6EAF4D-955A-4F58-9E6D-ABB0B322B9EB} = {4373E028-0B51-400C-83B7-E68D93F07E9D}
		{92264D98-8228-42AA-9CD4-38E6EC684899} = {8E240622-A487-4B82-873E-AE8158CA2DCB}
		{E2E1A910-1283-4DBD-B4B5-90C5F457AA54} = {14057CDA-27DC-4305-8BF5-F8EB8089A180}
		{9A86337F-F420-4CD2-967F-8BBB899AA050} = {14057CDA-27DC-4305-8BF5-F8EB8089A180}
		{EBB3429F-E693-4B29-BA92-56AEEAE08618} = {14057CDA-27DC-4305-8BF5-F8EB8089A180}
		{3D43BD08-9549-4C45-ABF0-C325F646687F} = {9A86337F-F420-4CD2-967F-8BBB899AA050}
		{81AEF275-AB0C-43D5-86C6-60278E43B5A3} = {9A86337F-F420-4CD2-967F-8BBB899AA050}
		{08DF6EE8-BC71-436A-A752-5D3159DB1546} = {EBB3429F-E693-4B29-BA92-56AEEAE08618}
		{A7B98E87-64D7-4459-8CD8-B860FF8681DE} = {E2E1A910-1283-4DBD-B4B5-90C5F457AA54}
		{E757C462-4FD2-4F91-B5DE-989E34C67F24} = {2473656A-1B1C-4A4E-8704-69DD47F564E6}
		{7541534A-A62D-40AA-B48E-EAB28969B86A} = {2473656A-1B1C-4A4E-8704-69DD47F564E6}
		{9385D488-D7C5-4821-A780-5FCC4CEAC89F} = {2473656A-1B1C-4A4E-8704-69DD47F564E6}
		{1A726C6B-4B29-4B32-8B75-C618E80CCCDD} = {7541534A-A62D-40AA-B48E-EAB28969B86A}
		{090C4657-9EC3-4BC6-81AE-580B4926EBD3} = {9385D488-D7C5-4821-A780-5FCC4CEAC89F}
		{86D9380C-3487-4074-87A0-C6DA329C1643} = {9385D488-D7C5-4821-A780-5FCC4CEAC89F}
		{D4B2C808-F86A-4473-940B-F232C0374676} = {E757C462-4FD2-4F91-B5DE-989E34C67F24}
		{0CB606CF-D934-482A-B616-27808E6906E6} = {E757C462-4FD2-4F91-B5DE-989E34C67F24}
	EndGlobalSection
	GlobalSection(ExtensibilityGlobals) = postSolution
		SolutionGuid = {C960555B-4931-4A53-BB6F-28DDDE38C653}
	EndGlobalSection
EndGlobal
